// !$*UTF8*$!
{
	archiveVersion = 1;
	classes = {
	};
	objectVersion = 55;
	objects = {

/* Begin PBXBuildFile section */
		18117EFF2A18A88F003ACDD2 /* Line.usdz in Resources */ = {isa = PBXBuildFile; fileRef = 18117EFE2A18A88F003ACDD2 /* Line.usdz */; };
		18C578AA2A1739250017C2C0 /* MLs__App.swift in Sources */ = {isa = PBXBuildFile; fileRef = 18C578A92A1739250017C2C0 /* MLs__App.swift */; };
		18C578AC2A1739250017C2C0 /* ContentView.swift in Sources */ = {isa = PBXBuildFile; fileRef = 18C578AB2A1739250017C2C0 /* ContentView.swift */; };
		18C578AE2A17392A0017C2C0 /* Assets.xcassets in Resources */ = {isa = PBXBuildFile; fileRef = 18C578AD2A17392A0017C2C0 /* Assets.xcassets */; };
		18C578B12A17392A0017C2C0 /* Preview Assets.xcassets in Resources */ = {isa = PBXBuildFile; fileRef = 18C578B02A17392A0017C2C0 /* Preview Assets.xcassets */; };
		18C578BB2A17392A0017C2C0 /* MLs__Tests.swift in Sources */ = {isa = PBXBuildFile; fileRef = 18C578BA2A17392A0017C2C0 /* MLs__Tests.swift */; };
		18C578C52A17392A0017C2C0 /* MLs__UITests.swift in Sources */ = {isa = PBXBuildFile; fileRef = 18C578C42A17392A0017C2C0 /* MLs__UITests.swift */; };
		18C578C72A17392A0017C2C0 /* MLs__UITestsLaunchTests.swift in Sources */ = {isa = PBXBuildFile; fileRef = 18C578C62A17392A0017C2C0 /* MLs__UITestsLaunchTests.swift */; };
		18C578D42A1739740017C2C0 /* CustomARView.swift in Sources */ = {isa = PBXBuildFile; fileRef = 18C578D32A1739740017C2C0 /* CustomARView.swift */; };
		18C578D62A1739A30017C2C0 /* CustomARViewRepresentable.swift in Sources */ = {isa = PBXBuildFile; fileRef = 18C578D52A1739A30017C2C0 /* CustomARViewRepresentable.swift */; };
/* End PBXBuildFile section */

/* Begin PBXContainerItemProxy section */
		18C578B72A17392A0017C2C0 /* PBXContainerItemProxy */ = {
			isa = PBXContainerItemProxy;
			containerPortal = 18C5789E2A1739240017C2C0 /* Project object */;
			proxyType = 1;
			remoteGlobalIDString = 18C578A52A1739240017C2C0;
			remoteInfo = "MLs β";
		};
		18C578C12A17392A0017C2C0 /* PBXContainerItemProxy */ = {
			isa = PBXContainerItemProxy;
			containerPortal = 18C5789E2A1739240017C2C0 /* Project object */;
			proxyType = 1;
			remoteGlobalIDString = 18C578A52A1739240017C2C0;
			remoteInfo = "MLs β";
		};
/* End PBXContainerItemProxy section */

/* Begin PBXFileReference section */
		18117EFE2A18A88F003ACDD2 /* Line.usdz */ = {isa = PBXFileReference; lastKnownFileType = file.usdz; path = Line.usdz; sourceTree = "<group>"; };
		18A22C522A273E4500CB1C6F /* MLs---Info.plist */ = {isa = PBXFileReference; lastKnownFileType = text.plist; path = "MLs---Info.plist"; sourceTree = SOURCE_ROOT; };
		18C578A62A1739240017C2C0 /* MLs β.app */ = {isa = PBXFileReference; explicitFileType = wrapper.application; includeInIndex = 0; path = "MLs β.app"; sourceTree = BUILT_PRODUCTS_DIR; };
		18C578A92A1739250017C2C0 /* MLs__App.swift */ = {isa = PBXFileReference; lastKnownFileType = sourcecode.swift; path = MLs__App.swift; sourceTree = "<group>"; };
		18C578AB2A1739250017C2C0 /* ContentView.swift */ = {isa = PBXFileReference; lastKnownFileType = sourcecode.swift; path = ContentView.swift; sourceTree = "<group>"; };
		18C578AD2A17392A0017C2C0 /* Assets.xcassets */ = {isa = PBXFileReference; lastKnownFileType = folder.assetcatalog; path = Assets.xcassets; sourceTree = "<group>"; };
		18C578B02A17392A0017C2C0 /* Preview Assets.xcassets */ = {isa = PBXFileReference; lastKnownFileType = folder.assetcatalog; path = "Preview Assets.xcassets"; sourceTree = "<group>"; };
		18C578B62A17392A0017C2C0 /* MLs βTests.xctest */ = {isa = PBXFileReference; explicitFileType = wrapper.cfbundle; includeInIndex = 0; path = "MLs βTests.xctest"; sourceTree = BUILT_PRODUCTS_DIR; };
		18C578BA2A17392A0017C2C0 /* MLs__Tests.swift */ = {isa = PBXFileReference; lastKnownFileType = sourcecode.swift; path = MLs__Tests.swift; sourceTree = "<group>"; };
		18C578C02A17392A0017C2C0 /* MLs βUITests.xctest */ = {isa = PBXFileReference; explicitFileType = wrapper.cfbundle; includeInIndex = 0; path = "MLs βUITests.xctest"; sourceTree = BUILT_PRODUCTS_DIR; };
		18C578C42A17392A0017C2C0 /* MLs__UITests.swift */ = {isa = PBXFileReference; lastKnownFileType = sourcecode.swift; path = MLs__UITests.swift; sourceTree = "<group>"; };
		18C578C62A17392A0017C2C0 /* MLs__UITestsLaunchTests.swift */ = {isa = PBXFileReference; lastKnownFileType = sourcecode.swift; path = MLs__UITestsLaunchTests.swift; sourceTree = "<group>"; };
		18C578D32A1739740017C2C0 /* CustomARView.swift */ = {isa = PBXFileReference; lastKnownFileType = sourcecode.swift; path = CustomARView.swift; sourceTree = "<group>"; };
		18C578D52A1739A30017C2C0 /* CustomARViewRepresentable.swift */ = {isa = PBXFileReference; lastKnownFileType = sourcecode.swift; path = CustomARViewRepresentable.swift; sourceTree = "<group>"; };
/* End PBXFileReference section */

/* Begin PBXFrameworksBuildPhase section */
		18C578A32A1739240017C2C0 /* Frameworks */ = {
			isa = PBXFrameworksBuildPhase;
			buildActionMask = 2147483647;
			files = (
			);
			runOnlyForDeploymentPostprocessing = 0;
		};
		18C578B32A17392A0017C2C0 /* Frameworks */ = {
			isa = PBXFrameworksBuildPhase;
			buildActionMask = 2147483647;
			files = (
			);
			runOnlyForDeploymentPostprocessing = 0;
		};
		18C578BD2A17392A0017C2C0 /* Frameworks */ = {
			isa = PBXFrameworksBuildPhase;
			buildActionMask = 2147483647;
			files = (
			);
			runOnlyForDeploymentPostprocessing = 0;
		};
/* End PBXFrameworksBuildPhase section */

/* Begin PBXGroup section */
		18C5789D2A1739240017C2C0 = {
			isa = PBXGroup;
			children = (
				18C578A82A1739240017C2C0 /* MLs β */,
				18C578B92A17392A0017C2C0 /* MLs βTests */,
				18C578C32A17392A0017C2C0 /* MLs βUITests */,
				18C578A72A1739240017C2C0 /* Products */,
			);
			sourceTree = "<group>";
		};
		18C578A72A1739240017C2C0 /* Products */ = {
			isa = PBXGroup;
			children = (
				18C578A62A1739240017C2C0 /* MLs β.app */,
				18C578B62A17392A0017C2C0 /* MLs βTests.xctest */,
				18C578C02A17392A0017C2C0 /* MLs βUITests.xctest */,
			);
			name = Products;
			sourceTree = "<group>";
		};
		18C578A82A1739240017C2C0 /* MLs β */ = {
			isa = PBXGroup;
			children = (
				18A22C522A273E4500CB1C6F /* MLs---Info.plist */,
				18C578A92A1739250017C2C0 /* MLs__App.swift */,
				18C578D32A1739740017C2C0 /* CustomARView.swift */,
				18C578D52A1739A30017C2C0 /* CustomARViewRepresentable.swift */,
				18C578AB2A1739250017C2C0 /* ContentView.swift */,
				18C578AD2A17392A0017C2C0 /* Assets.xcassets */,
				18117EFE2A18A88F003ACDD2 /* Line.usdz */,
				18C578AF2A17392A0017C2C0 /* Preview Content */,
			);
			path = "MLs β";
			sourceTree = "<group>";
		};
		18C578AF2A17392A0017C2C0 /* Preview Content */ = {
			isa = PBXGroup;
			children = (
				18C578B02A17392A0017C2C0 /* Preview Assets.xcassets */,
			);
			path = "Preview Content";
			sourceTree = "<group>";
		};
		18C578B92A17392A0017C2C0 /* MLs βTests */ = {
			isa = PBXGroup;
			children = (
				18C578BA2A17392A0017C2C0 /* MLs__Tests.swift */,
			);
			path = "MLs βTests";
			sourceTree = "<group>";
		};
		18C578C32A17392A0017C2C0 /* MLs βUITests */ = {
			isa = PBXGroup;
			children = (
				18C578C42A17392A0017C2C0 /* MLs__UITests.swift */,
				18C578C62A17392A0017C2C0 /* MLs__UITestsLaunchTests.swift */,
			);
			path = "MLs βUITests";
			sourceTree = "<group>";
		};
/* End PBXGroup section */

/* Begin PBXNativeTarget section */
		18C578A52A1739240017C2C0 /* MLs β */ = {
			isa = PBXNativeTarget;
			buildConfigurationList = 18C578CA2A17392A0017C2C0 /* Build configuration list for PBXNativeTarget "MLs β" */;
			buildPhases = (
				18C578A22A1739240017C2C0 /* Sources */,
				18C578A32A1739240017C2C0 /* Frameworks */,
				18C578A42A1739240017C2C0 /* Resources */,
			);
			buildRules = (
			);
			dependencies = (
			);
			name = "MLs β";
			productName = "MLs β";
			productReference = 18C578A62A1739240017C2C0 /* MLs β.app */;
			productType = "com.apple.product-type.application";
		};
		18C578B52A17392A0017C2C0 /* MLs βTests */ = {
			isa = PBXNativeTarget;
			buildConfigurationList = 18C578CD2A17392A0017C2C0 /* Build configuration list for PBXNativeTarget "MLs βTests" */;
			buildPhases = (
				18C578B22A17392A0017C2C0 /* Sources */,
				18C578B32A17392A0017C2C0 /* Frameworks */,
				18C578B42A17392A0017C2C0 /* Resources */,
			);
			buildRules = (
			);
			dependencies = (
				18C578B82A17392A0017C2C0 /* PBXTargetDependency */,
			);
			name = "MLs βTests";
			productName = "MLs βTests";
			productReference = 18C578B62A17392A0017C2C0 /* MLs βTests.xctest */;
			productType = "com.apple.product-type.bundle.unit-test";
		};
		18C578BF2A17392A0017C2C0 /* MLs βUITests */ = {
			isa = PBXNativeTarget;
			buildConfigurationList = 18C578D02A17392A0017C2C0 /* Build configuration list for PBXNativeTarget "MLs βUITests" */;
			buildPhases = (
				18C578BC2A17392A0017C2C0 /* Sources */,
				18C578BD2A17392A0017C2C0 /* Frameworks */,
				18C578BE2A17392A0017C2C0 /* Resources */,
			);
			buildRules = (
			);
			dependencies = (
				18C578C22A17392A0017C2C0 /* PBXTargetDependency */,
			);
			name = "MLs βUITests";
			productName = "MLs βUITests";
			productReference = 18C578C02A17392A0017C2C0 /* MLs βUITests.xctest */;
			productType = "com.apple.product-type.bundle.ui-testing";
		};
/* End PBXNativeTarget section */

/* Begin PBXProject section */
		18C5789E2A1739240017C2C0 /* Project object */ = {
			isa = PBXProject;
			attributes = {
				BuildIndependentTargetsInParallel = 1;
				LastSwiftUpdateCheck = 1340;
				LastUpgradeCheck = 1340;
				TargetAttributes = {
					18C578A52A1739240017C2C0 = {
						CreatedOnToolsVersion = 13.4.1;
					};
					18C578B52A17392A0017C2C0 = {
						CreatedOnToolsVersion = 13.4.1;
						TestTargetID = 18C578A52A1739240017C2C0;
					};
					18C578BF2A17392A0017C2C0 = {
						CreatedOnToolsVersion = 13.4.1;
						TestTargetID = 18C578A52A1739240017C2C0;
					};
				};
			};
			buildConfigurationList = 18C578A12A1739240017C2C0 /* Build configuration list for PBXProject "MLs β" */;
			compatibilityVersion = "Xcode 13.0";
			developmentRegion = en;
			hasScannedForEncodings = 0;
			knownRegions = (
				en,
				Base,
			);
			mainGroup = 18C5789D2A1739240017C2C0;
			productRefGroup = 18C578A72A1739240017C2C0 /* Products */;
			projectDirPath = "";
			projectRoot = "";
			targets = (
				18C578A52A1739240017C2C0 /* MLs β */,
				18C578B52A17392A0017C2C0 /* MLs βTests */,
				18C578BF2A17392A0017C2C0 /* MLs βUITests */,
			);
		};
/* End PBXProject section */

/* Begin PBXResourcesBuildPhase section */
		18C578A42A1739240017C2C0 /* Resources */ = {
			isa = PBXResourcesBuildPhase;
			buildActionMask = 2147483647;
			files = (
				18117EFF2A18A88F003ACDD2 /* Line.usdz in Resources */,
				18C578B12A17392A0017C2C0 /* Preview Assets.xcassets in Resources */,
				18C578AE2A17392A0017C2C0 /* Assets.xcassets in Resources */,
			);
			runOnlyForDeploymentPostprocessing = 0;
		};
		18C578B42A17392A0017C2C0 /* Resources */ = {
			isa = PBXResourcesBuildPhase;
			buildActionMask = 2147483647;
			files = (
			);
			runOnlyForDeploymentPostprocessing = 0;
		};
		18C578BE2A17392A0017C2C0 /* Resources */ = {
			isa = PBXResourcesBuildPhase;
			buildActionMask = 2147483647;
			files = (
			);
			runOnlyForDeploymentPostprocessing = 0;
		};
/* End PBXResourcesBuildPhase section */

/* Begin PBXSourcesBuildPhase section */
		18C578A22A1739240017C2C0 /* Sources */ = {
			isa = PBXSourcesBuildPhase;
			buildActionMask = 2147483647;
			files = (
				18C578AC2A1739250017C2C0 /* ContentView.swift in Sources */,
				18C578D42A1739740017C2C0 /* CustomARView.swift in Sources */,
				18C578AA2A1739250017C2C0 /* MLs__App.swift in Sources */,
				18C578D62A1739A30017C2C0 /* CustomARViewRepresentable.swift in Sources */,
			);
			runOnlyForDeploymentPostprocessing = 0;
		};
		18C578B22A17392A0017C2C0 /* Sources */ = {
			isa = PBXSourcesBuildPhase;
			buildActionMask = 2147483647;
			files = (
				18C578BB2A17392A0017C2C0 /* MLs__Tests.swift in Sources */,
			);
			runOnlyForDeploymentPostprocessing = 0;
		};
		18C578BC2A17392A0017C2C0 /* Sources */ = {
			isa = PBXSourcesBuildPhase;
			buildActionMask = 2147483647;
			files = (
				18C578C52A17392A0017C2C0 /* MLs__UITests.swift in Sources */,
				18C578C72A17392A0017C2C0 /* MLs__UITestsLaunchTests.swift in Sources */,
			);
			runOnlyForDeploymentPostprocessing = 0;
		};
/* End PBXSourcesBuildPhase section */

/* Begin PBXTargetDependency section */
		18C578B82A17392A0017C2C0 /* PBXTargetDependency */ = {
			isa = PBXTargetDependency;
			target = 18C578A52A1739240017C2C0 /* MLs β */;
			targetProxy = 18C578B72A17392A0017C2C0 /* PBXContainerItemProxy */;
		};
		18C578C22A17392A0017C2C0 /* PBXTargetDependency */ = {
			isa = PBXTargetDependency;
			target = 18C578A52A1739240017C2C0 /* MLs β */;
			targetProxy = 18C578C12A17392A0017C2C0 /* PBXContainerItemProxy */;
		};
/* End PBXTargetDependency section */

/* Begin XCBuildConfiguration section */
		18C578C82A17392A0017C2C0 /* Debug */ = {
			isa = XCBuildConfiguration;
			buildSettings = {
				ALWAYS_SEARCH_USER_PATHS = NO;
				CLANG_ANALYZER_NONNULL = YES;
				CLANG_ANALYZER_NUMBER_OBJECT_CONVERSION = YES_AGGRESSIVE;
				CLANG_CXX_LANGUAGE_STANDARD = "gnu++17";
				CLANG_ENABLE_MODULES = YES;
				CLANG_ENABLE_OBJC_ARC = YES;
				CLANG_ENABLE_OBJC_WEAK = YES;
				CLANG_WARN_BLOCK_CAPTURE_AUTORELEASING = YES;
				CLANG_WARN_BOOL_CONVERSION = YES;
				CLANG_WARN_COMMA = YES;
				CLANG_WARN_CONSTANT_CONVERSION = YES;
				CLANG_WARN_DEPRECATED_OBJC_IMPLEMENTATIONS = YES;
				CLANG_WARN_DIRECT_OBJC_ISA_USAGE = YES_ERROR;
				CLANG_WARN_DOCUMENTATION_COMMENTS = YES;
				CLANG_WARN_EMPTY_BODY = YES;
				CLANG_WARN_ENUM_CONVERSION = YES;
				CLANG_WARN_INFINITE_RECURSION = YES;
				CLANG_WARN_INT_CONVERSION = YES;
				CLANG_WARN_NON_LITERAL_NULL_CONVERSION = YES;
				CLANG_WARN_OBJC_IMPLICIT_RETAIN_SELF = YES;
				CLANG_WARN_OBJC_LITERAL_CONVERSION = YES;
				CLANG_WARN_OBJC_ROOT_CLASS = YES_ERROR;
				CLANG_WARN_QUOTED_INCLUDE_IN_FRAMEWORK_HEADER = YES;
				CLANG_WARN_RANGE_LOOP_ANALYSIS = YES;
				CLANG_WARN_STRICT_PROTOTYPES = YES;
				CLANG_WARN_SUSPICIOUS_MOVE = YES;
				CLANG_WARN_UNGUARDED_AVAILABILITY = YES_AGGRESSIVE;
				CLANG_WARN_UNREACHABLE_CODE = YES;
				CLANG_WARN__DUPLICATE_METHOD_MATCH = YES;
				COPY_PHASE_STRIP = NO;
				DEBUG_INFORMATION_FORMAT = dwarf;
				ENABLE_STRICT_OBJC_MSGSEND = YES;
				ENABLE_TESTABILITY = YES;
				GCC_C_LANGUAGE_STANDARD = gnu11;
				GCC_DYNAMIC_NO_PIC = NO;
				GCC_NO_COMMON_BLOCKS = YES;
				GCC_OPTIMIZATION_LEVEL = 0;
				GCC_PREPROCESSOR_DEFINITIONS = (
					"DEBUG=1",
					"$(inherited)",
				);
				GCC_WARN_64_TO_32_BIT_CONVERSION = YES;
				GCC_WARN_ABOUT_RETURN_TYPE = YES_ERROR;
				GCC_WARN_UNDECLARED_SELECTOR = YES;
				GCC_WARN_UNINITIALIZED_AUTOS = YES_AGGRESSIVE;
				GCC_WARN_UNUSED_FUNCTION = YES;
				GCC_WARN_UNUSED_VARIABLE = YES;
				IPHONEOS_DEPLOYMENT_TARGET = 15.5;
				MTL_ENABLE_DEBUG_INFO = INCLUDE_SOURCE;
				MTL_FAST_MATH = YES;
				ONLY_ACTIVE_ARCH = YES;
				SDKROOT = iphoneos;
				SWIFT_ACTIVE_COMPILATION_CONDITIONS = DEBUG;
				SWIFT_OPTIMIZATION_LEVEL = "-Onone";
			};
			name = Debug;
		};
		18C578C92A17392A0017C2C0 /* Release */ = {
			isa = XCBuildConfiguration;
			buildSettings = {
				ALWAYS_SEARCH_USER_PATHS = NO;
				CLANG_ANALYZER_NONNULL = YES;
				CLANG_ANALYZER_NUMBER_OBJECT_CONVERSION = YES_AGGRESSIVE;
				CLANG_CXX_LANGUAGE_STANDARD = "gnu++17";
				CLANG_ENABLE_MODULES = YES;
				CLANG_ENABLE_OBJC_ARC = YES;
				CLANG_ENABLE_OBJC_WEAK = YES;
				CLANG_WARN_BLOCK_CAPTURE_AUTORELEASING = YES;
				CLANG_WARN_BOOL_CONVERSION = YES;
				CLANG_WARN_COMMA = YES;
				CLANG_WARN_CONSTANT_CONVERSION = YES;
				CLANG_WARN_DEPRECATED_OBJC_IMPLEMENTATIONS = YES;
				CLANG_WARN_DIRECT_OBJC_ISA_USAGE = YES_ERROR;
				CLANG_WARN_DOCUMENTATION_COMMENTS = YES;
				CLANG_WARN_EMPTY_BODY = YES;
				CLANG_WARN_ENUM_CONVERSION = YES;
				CLANG_WARN_INFINITE_RECURSION = YES;
				CLANG_WARN_INT_CONVERSION = YES;
				CLANG_WARN_NON_LITERAL_NULL_CONVERSION = YES;
				CLANG_WARN_OBJC_IMPLICIT_RETAIN_SELF = YES;
				CLANG_WARN_OBJC_LITERAL_CONVERSION = YES;
				CLANG_WARN_OBJC_ROOT_CLASS = YES_ERROR;
				CLANG_WARN_QUOTED_INCLUDE_IN_FRAMEWORK_HEADER = YES;
				CLANG_WARN_RANGE_LOOP_ANALYSIS = YES;
				CLANG_WARN_STRICT_PROTOTYPES = YES;
				CLANG_WARN_SUSPICIOUS_MOVE = YES;
				CLANG_WARN_UNGUARDED_AVAILABILITY = YES_AGGRESSIVE;
				CLANG_WARN_UNREACHABLE_CODE = YES;
				CLANG_WARN__DUPLICATE_METHOD_MATCH = YES;
				COPY_PHASE_STRIP = NO;
				DEBUG_INFORMATION_FORMAT = "dwarf-with-dsym";
				ENABLE_NS_ASSERTIONS = NO;
				ENABLE_STRICT_OBJC_MSGSEND = YES;
				GCC_C_LANGUAGE_STANDARD = gnu11;
				GCC_NO_COMMON_BLOCKS = YES;
				GCC_WARN_64_TO_32_BIT_CONVERSION = YES;
				GCC_WARN_ABOUT_RETURN_TYPE = YES_ERROR;
				GCC_WARN_UNDECLARED_SELECTOR = YES;
				GCC_WARN_UNINITIALIZED_AUTOS = YES_AGGRESSIVE;
				GCC_WARN_UNUSED_FUNCTION = YES;
				GCC_WARN_UNUSED_VARIABLE = YES;
				IPHONEOS_DEPLOYMENT_TARGET = 15.5;
				MTL_ENABLE_DEBUG_INFO = NO;
				MTL_FAST_MATH = YES;
				SDKROOT = iphoneos;
				SWIFT_COMPILATION_MODE = wholemodule;
				SWIFT_OPTIMIZATION_LEVEL = "-O";
				VALIDATE_PRODUCT = YES;
			};
			name = Release;
		};
		18C578CB2A17392A0017C2C0 /* Debug */ = {
			isa = XCBuildConfiguration;
			buildSettings = {
				ASSETCATALOG_COMPILER_APPICON_NAME = AppIcon;
				ASSETCATALOG_COMPILER_GLOBAL_ACCENT_COLOR_NAME = AccentColor;
				CODE_SIGN_STYLE = Automatic;
				CURRENT_PROJECT_VERSION = 1;
				DEVELOPMENT_ASSET_PATHS = "\"MLs β/Preview Content\"";
				DEVELOPMENT_TEAM = J8GM2DA9Z4;
				ENABLE_PREVIEWS = YES;
				GENERATE_INFOPLIST_FILE = YES;
				INFOPLIST_FILE = "MLs---Info.plist";
				INFOPLIST_KEY_LSApplicationCategoryType = "";
				INFOPLIST_KEY_NSCameraUsageDescription = "Enable AR";
				INFOPLIST_KEY_UIApplicationSceneManifest_Generation = YES;
				INFOPLIST_KEY_UIApplicationSupportsIndirectInputEvents = YES;
				INFOPLIST_KEY_UILaunchScreen_Generation = YES;
				INFOPLIST_KEY_UISupportedInterfaceOrientations_iPad = "UIInterfaceOrientationPortrait UIInterfaceOrientationPortraitUpsideDown UIInterfaceOrientationLandscapeLeft UIInterfaceOrientationLandscapeRight";
				INFOPLIST_KEY_UISupportedInterfaceOrientations_iPhone = "UIInterfaceOrientationPortrait UIInterfaceOrientationLandscapeLeft UIInterfaceOrientationLandscapeRight";
				LD_RUNPATH_SEARCH_PATHS = (
					"$(inherited)",
					"@executable_path/Frameworks",
				);
				MARKETING_VERSION = 1.0;
				PRODUCT_BUNDLE_IDENTIFIER = "Sammy.MLs--";
				PRODUCT_NAME = "$(TARGET_NAME)";
				SWIFT_EMIT_LOC_STRINGS = YES;
				SWIFT_VERSION = 5.0;
				TARGETED_DEVICE_FAMILY = "1,2";
			};
			name = Debug;
		};
		18C578CC2A17392A0017C2C0 /* Release */ = {
			isa = XCBuildConfiguration;
			buildSettings = {
				ASSETCATALOG_COMPILER_APPICON_NAME = AppIcon;
				ASSETCATALOG_COMPILER_GLOBAL_ACCENT_COLOR_NAME = AccentColor;
				CODE_SIGN_STYLE = Automatic;
				CURRENT_PROJECT_VERSION = 1;
				DEVELOPMENT_ASSET_PATHS = "\"MLs β/Preview Content\"";
				DEVELOPMENT_TEAM = J8GM2DA9Z4;
				ENABLE_PREVIEWS = YES;
				GENERATE_INFOPLIST_FILE = YES;
				INFOPLIST_FILE = "MLs---Info.plist";
				INFOPLIST_KEY_LSApplicationCategoryType = "";
				INFOPLIST_KEY_NSCameraUsageDescription = "Enable AR";
				INFOPLIST_KEY_UIApplicationSceneManifest_Generation = YES;
				INFOPLIST_KEY_UIApplicationSupportsIndirectInputEvents = YES;
				INFOPLIST_KEY_UILaunchScreen_Generation = YES;
				INFOPLIST_KEY_UISupportedInterfaceOrientations_iPad = "UIInterfaceOrientationPortrait UIInterfaceOrientationPortraitUpsideDown UIInterfaceOrientationLandscapeLeft UIInterfaceOrientationLandscapeRight";
				INFOPLIST_KEY_UISupportedInterfaceOrientations_iPhone = "UIInterfaceOrientationPortrait UIInterfaceOrientationLandscapeLeft UIInterfaceOrientationLandscapeRight";
				LD_RUNPATH_SEARCH_PATHS = (
					"$(inherited)",
					"@executable_path/Frameworks",
				);
				MARKETING_VERSION = 1.0;
				PRODUCT_BUNDLE_IDENTIFIER = "Sammy.MLs--";
				PRODUCT_NAME = "$(TARGET_NAME)";
				SWIFT_EMIT_LOC_STRINGS = YES;
				SWIFT_VERSION = 5.0;
				TARGETED_DEVICE_FAMILY = "1,2";
			};
			name = Release;
		};
		18C578CE2A17392A0017C2C0 /* Debug */ = {
			isa = XCBuildConfiguration;
			buildSettings = {
				ALWAYS_EMBED_SWIFT_STANDARD_LIBRARIES = YES;
				BUNDLE_LOADER = "$(TEST_HOST)";
				CODE_SIGN_STYLE = Automatic;
				CURRENT_PROJECT_VERSION = 1;
				DEVELOPMENT_TEAM = J8GM2DA9Z4;
				GENERATE_INFOPLIST_FILE = YES;
				IPHONEOS_DEPLOYMENT_TARGET = 15.5;
				MARKETING_VERSION = 1.0;
				PRODUCT_BUNDLE_IDENTIFIER = "Sammy.MLs--Tests";
				PRODUCT_NAME = "$(TARGET_NAME)";
				SWIFT_EMIT_LOC_STRINGS = NO;
				SWIFT_VERSION = 5.0;
				TARGETED_DEVICE_FAMILY = "1,2";
				TEST_HOST = "$(BUILT_PRODUCTS_DIR)/MLs β.app/MLs β";
			};
			name = Debug;
		};
		18C578CF2A17392A0017C2C0 /* Release */ = {
			isa = XCBuildConfiguration;
			buildSettings = {
				ALWAYS_EMBED_SWIFT_STANDARD_LIBRARIES = YES;
				BUNDLE_LOADER = "$(TEST_HOST)";
				CODE_SIGN_STYLE = Automatic;
				CURRENT_PROJECT_VERSION = 1;
				DEVELOPMENT_TEAM = J8GM2DA9Z4;
				GENERATE_INFOPLIST_FILE = YES;
				IPHONEOS_DEPLOYMENT_TARGET = 15.5;
				MARKETING_VERSION = 1.0;
				PRODUCT_BUNDLE_IDENTIFIER = "Sammy.MLs--Tests";
				PRODUCT_NAME = "$(TARGET_NAME)";
				SWIFT_EMIT_LOC_STRINGS = NO;
				SWIFT_VERSION = 5.0;
				TARGETED_DEVICE_FAMILY = "1,2";
				TEST_HOST = "$(BUILT_PRODUCTS_DIR)/MLs β.app/MLs β";
			};
			name = Release;
		};
		18C578D12A17392A0017C2C0 /* Debug */ = {
			isa = XCBuildConfiguration;
			buildSettings = {
				ALWAYS_EMBED_SWIFT_STANDARD_LIBRARIES = YES;
				CODE_SIGN_STYLE = Automatic;
				CURRENT_PROJECT_VERSION = 1;
				DEVELOPMENT_TEAM = J8GM2DA9Z4;
				GENERATE_INFOPLIST_FILE = YES;
				MARKETING_VERSION = 1.0;
				PRODUCT_BUNDLE_IDENTIFIER = "Sammy.MLs--UITests";
				PRODUCT_NAME = "$(TARGET_NAME)";
				SWIFT_EMIT_LOC_STRINGS = NO;
				SWIFT_VERSION = 5.0;
				TARGETED_DEVICE_FAMILY = "1,2";
				TEST_TARGET_NAME = "MLs β";
			};
			name = Debug;
		};
		18C578D22A17392A0017C2C0 /* Release */ = {
			isa = XCBuildConfiguration;
			buildSettings = {
				ALWAYS_EMBED_SWIFT_STANDARD_LIBRARIES = YES;
				CODE_SIGN_STYLE = Automatic;
				CURRENT_PROJECT_VERSION = 1;
				DEVELOPMENT_TEAM = J8GM2DA9Z4;
				GENERATE_INFOPLIST_FILE = YES;
				MARKETING_VERSION = 1.0;
				PRODUCT_BUNDLE_IDENTIFIER = "Sammy.MLs--UITests";
				PRODUCT_NAME = "$(TARGET_NAME)";
				SWIFT_EMIT_LOC_STRINGS = NO;
				SWIFT_VERSION = 5.0;
				TARGETED_DEVICE_FAMILY = "1,2";
				TEST_TARGET_NAME = "MLs β";
			};
			name = Release;
		};
/* End XCBuildConfiguration section */

/* Begin XCConfigurationList section */
		18C578A12A1739240017C2C0 /* Build configuration list for PBXProject "MLs β" */ = {
			isa = XCConfigurationList;
			buildConfigurations = (
				18C578C82A17392A0017C2C0 /* Debug */,
				18C578C92A17392A0017C2C0 /* Release */,
			);
			defaultConfigurationIsVisible = 0;
			defaultConfigurationName = Release;
		};
		18C578CA2A17392A0017C2C0 /* Build configuration list for PBXNativeTarget "MLs β" */ = {
			isa = XCConfigurationList;
			buildConfigurations = (
				18C578CB2A17392A0017C2C0 /* Debug */,
				18C578CC2A17392A0017C2C0 /* Release */,
			);
			defaultConfigurationIsVisible = 0;
			defaultConfigurationName = Release;
		};
		18C578CD2A17392A0017C2C0 /* Build configuration list for PBXNativeTarget "MLs βTests" */ = {
			isa = XCConfigurationList;
			buildConfigurations = (
				18C578CE2A17392A0017C2C0 /* Debug */,
				18C578CF2A17392A0017C2C0 /* Release */,
			);
			defaultConfigurationIsVisible = 0;
			defaultConfigurationName = Release;
		};
		18C578D02A17392A0017C2C0 /* Build configuration list for PBXNativeTarget "MLs βUITests" */ = {
			isa = XCConfigurationList;
			buildConfigurations = (
				18C578D12A17392A0017C2C0 /* Debug */,
				18C578D22A17392A0017C2C0 /* Release */,
			);
			defaultConfigurationIsVisible = 0;
			defaultConfigurationName = Release;
		};
/* End XCConfigurationList section */
	};
	rootObject = 18C5789E2A1739240017C2C0 /* Project object */;
}
